
Microsoft Visual Studio Solution File, Format Version 12.00
# Visual Studio Version 17
VisualStudioVersion = 17.13.35806.99 d17.13
MinimumVisualStudioVersion = 10.0.40219.1
Project("{FAE04EC0-301F-11D3-BF4B-00C04F79EFBC}") = "WypozyczalniaSprzetuNarciarskiego", "WypozyczalniaSprzetuNarciarskiego.csproj", "{7E935107-F899-48A7-B59C-2773C5899C80}"
EndProject
Global
	GlobalSection(SolutionConfigurationPlatforms) = preSolution
		Debug|Any CPU = Debug|Any CPU
		Release|Any CPU = Release|Any CPU
	EndGlobalSection
	GlobalSection(ProjectConfigurationPlatforms) = postSolution
		{7E935107-F899-48A7-B59C-2773C5899C80}.Debug|Any CPU.ActiveCfg = Debug|Any CPU
		{7E935107-F899-48A7-B59C-2773C5899C80}.Debug|Any CPU.Build.0 = Debug|Any CPU
		{7E935107-F899-48A7-B59C-2773C5899C80}.Release|Any CPU.ActiveCfg = Release|Any CPU
		{7E935107-F899-48A7-B59C-2773C5899C80}.Release|Any CPU.Build.0 = Release|Any CPU
	EndGlobalSection
	GlobalSection(SolutionProperties) = preSolution
		HideSolutionNode = FALSE
	EndGlobalSection
	GlobalSection(ExtensibilityGlobals) = postSolution
		SolutionGuid = {39A45A81-DB53-4230-B2AF-25D2170A3747}
	EndGlobalSection
EndGlobal
